
Microsoft Visual Studio Solution File, Format Version 12.00
# Visual Studio Version 16
VisualStudioVersion = 16.0.29728.190
MinimumVisualStudioVersion = 10.0.40219.1
Project("{FAE04EC0-301F-11D3-BF4B-00C04F79EFBC}") = "Downloader", "Downloader\Downloader.csproj", "{80B75A51-05A6-44D7-A6EA-763FB27A061A}"
EndProject
Global
	GlobalSection(SolutionConfigurationPlatforms) = preSolution
		Debug|Any CPU = Debug|Any CPU
		Release|Any CPU = Release|Any CPU
	EndGlobalSection
	GlobalSection(ProjectConfigurationPlatforms) = postSolution
		{80B75A51-05A6-44D7-A6EA-763FB27A061A}.Debug|Any CPU.ActiveCfg = Debug|Any CPU
		{80B75A51-05A6-44D7-A6EA-763FB27A061A}.Debug|Any CPU.Build.0 = Debug|Any CPU
		{80B75A51-05A6-44D7-A6EA-763FB27A061A}.Release|Any CPU.ActiveCfg = Release|Any CPU
		{80B75A51-05A6-44D7-A6EA-763FB27A061A}.Release|Any CPU.Build.0 = Release|Any CPU
	EndGlobalSection
	GlobalSection(SolutionProperties) = preSolution
		HideSolutionNode = FALSE
	EndGlobalSection
	GlobalSection(ExtensibilityGlobals) = postSolution
		SolutionGuid = {E50ECBAA-E110-422F-AAB9-36349E49B8CA}
	EndGlobalSection
EndGlobal
